
Microsoft Visual Studio Solution File, Format Version 12.00
# Visual Studio Version 16
VisualStudioVersion = 16.0.29609.76
MinimumVisualStudioVersion = 10.0.40219.1
Project("{FAE04EC0-301F-11D3-BF4B-00C04F79EFBC}") = "DirectoryObserver", "DirectoryObserver\DirectoryObserver.csproj", "{8C4533DB-BD57-47A7-9B4D-D6D511FD7210}"
EndProject
Global
	GlobalSection(SolutionConfigurationPlatforms) = preSolution
		Debug|Any CPU = Debug|Any CPU
		Release|Any CPU = Release|Any CPU
	EndGlobalSection
	GlobalSection(ProjectConfigurationPlatforms) = postSolution
		{8C4533DB-BD57-47A7-9B4D-D6D511FD7210}.Debug|Any CPU.ActiveCfg = Debug|Any CPU
		{8C4533DB-BD57-47A7-9B4D-D6D511FD7210}.Debug|Any CPU.Build.0 = Debug|Any CPU
		{8C4533DB-BD57-47A7-9B4D-D6D511FD7210}.Release|Any CPU.ActiveCfg = Release|Any CPU
		{8C4533DB-BD57-47A7-9B4D-D6D511FD7210}.Release|Any CPU.Build.0 = Release|Any CPU
	EndGlobalSection
	GlobalSection(SolutionProperties) = preSolution
		HideSolutionNode = FALSE
	EndGlobalSection
	GlobalSection(ExtensibilityGlobals) = postSolution
		SolutionGuid = {8463050E-FDFF-4A24-A5F9-02E37F2434D1}
	EndGlobalSection
EndGlobal
